
Microsoft Visual Studio Solution File, Format Version 12.00
# Visual Studio 15
VisualStudioVersion = 15.0.27703.2026
MinimumVisualStudioVersion = 10.0.40219.1
Project("{FAE04EC0-301F-11D3-BF4B-00C04F79EFBC}") = "CsvParserBenchmarks", "CsvParserBenchmarks.csproj", "{70E78B47-B3D6-4950-AEEC-4FB16E481D32}"
EndProject
Project("{FAE04EC0-301F-11D3-BF4B-00C04F79EFBC}") = "CsvHelperPractice", "..\CsvHelperPractice\CsvHelperPractice.csproj", "{C10B8451-7B42-479B-B1D1-51FA334F8D88}"
EndProject
Global
	GlobalSection(SolutionConfigurationPlatforms) = preSolution
		Debug|Any CPU = Debug|Any CPU
		Release|Any CPU = Release|Any CPU
	EndGlobalSection
	GlobalSection(ProjectConfigurationPlatforms) = postSolution
		{70E78B47-B3D6-4950-AEEC-4FB16E481D32}.Debug|Any CPU.ActiveCfg = Debug|Any CPU
		{70E78B47-B3D6-4950-AEEC-4FB16E481D32}.Debug|Any CPU.Build.0 = Debug|Any CPU
		{70E78B47-B3D6-4950-AEEC-4FB16E481D32}.Release|Any CPU.ActiveCfg = Release|Any CPU
		{70E78B47-B3D6-4950-AEEC-4FB16E481D32}.Release|Any CPU.Build.0 = Release|Any CPU
		{C10B8451-7B42-479B-B1D1-51FA334F8D88}.Debug|Any CPU.ActiveCfg = Debug|Any CPU
		{C10B8451-7B42-479B-B1D1-51FA334F8D88}.Debug|Any CPU.Build.0 = Debug|Any CPU
		{C10B8451-7B42-479B-B1D1-51FA334F8D88}.Release|Any CPU.ActiveCfg = Release|Any CPU
		{C10B8451-7B42-479B-B1D1-51FA334F8D88}.Release|Any CPU.Build.0 = Release|Any CPU
	EndGlobalSection
	GlobalSection(SolutionProperties) = preSolution
		HideSolutionNode = FALSE
	EndGlobalSection
	GlobalSection(ExtensibilityGlobals) = postSolution
		SolutionGuid = {569607B8-1A4E-43E4-8174-EC31359A3AA2}
	EndGlobalSection
EndGlobal
